
Microsoft Visual Studio Solution File, Format Version 12.00
# Visual Studio 15
VisualStudioVersion = 15.0.26124.0
MinimumVisualStudioVersion = 15.0.26124.0
Project("{F2A71F9B-5D33-465A-A702-920D77279786}") = "Evaluation.Api", "Evaluation.Api\Evaluation.Api.fsproj", "{A6FB658B-5606-4F84-B5C8-7DA3AE4DB955}"
EndProject
Global
	GlobalSection(SolutionConfigurationPlatforms) = preSolution
		Debug|Any CPU = Debug|Any CPU
		Debug|x64 = Debug|x64
		Debug|x86 = Debug|x86
		Release|Any CPU = Release|Any CPU
		Release|x64 = Release|x64
		Release|x86 = Release|x86
	EndGlobalSection
	GlobalSection(SolutionProperties) = preSolution
		HideSolutionNode = FALSE
	EndGlobalSection
	GlobalSection(ProjectConfigurationPlatforms) = postSolution
		{A6FB658B-5606-4F84-B5C8-7DA3AE4DB955}.Debug|Any CPU.ActiveCfg = Debug|Any CPU
		{A6FB658B-5606-4F84-B5C8-7DA3AE4DB955}.Debug|Any CPU.Build.0 = Debug|Any CPU
		{A6FB658B-5606-4F84-B5C8-7DA3AE4DB955}.Debug|x64.ActiveCfg = Debug|Any CPU
		{A6FB658B-5606-4F84-B5C8-7DA3AE4DB955}.Debug|x64.Build.0 = Debug|Any CPU
		{A6FB658B-5606-4F84-B5C8-7DA3AE4DB955}.Debug|x86.ActiveCfg = Debug|Any CPU
		{A6FB658B-5606-4F84-B5C8-7DA3AE4DB955}.Debug|x86.Build.0 = Debug|Any CPU
		{A6FB658B-5606-4F84-B5C8-7DA3AE4DB955}.Release|Any CPU.ActiveCfg = Release|Any CPU
		{A6FB658B-5606-4F84-B5C8-7DA3AE4DB955}.Release|Any CPU.Build.0 = Release|Any CPU
		{A6FB658B-5606-4F84-B5C8-7DA3AE4DB955}.Release|x64.ActiveCfg = Release|Any CPU
		{A6FB658B-5606-4F84-B5C8-7DA3AE4DB955}.Release|x64.Build.0 = Release|Any CPU
		{A6FB658B-5606-4F84-B5C8-7DA3AE4DB955}.Release|x86.ActiveCfg = Release|Any CPU
		{A6FB658B-5606-4F84-B5C8-7DA3AE4DB955}.Release|x86.Build.0 = Release|Any CPU
	EndGlobalSection
EndGlobal
